
Microsoft Visual Studio Solution File, Format Version 12.00
# Visual Studio Version 17
VisualStudioVersion = 17.11.35303.130
MinimumVisualStudioVersion = 10.0.40219.1
Project("{FAE04EC0-301F-11D3-BF4B-00C04F79EFBC}") = "TestTask", "TestTask\TestTask.csproj", "{F6EA1CFE-D9C0-40CC-934E-EA056854FACE}"
EndProject
Global
	GlobalSection(SolutionConfigurationPlatforms) = preSolution
		Debug|Any CPU = Debug|Any CPU
		Release|Any CPU = Release|Any CPU
	EndGlobalSection
	GlobalSection(ProjectConfigurationPlatforms) = postSolution
		{F6EA1CFE-D9C0-40CC-934E-EA056854FACE}.Debug|Any CPU.ActiveCfg = Debug|Any CPU
		{F6EA1CFE-D9C0-40CC-934E-EA056854FACE}.Debug|Any CPU.Build.0 = Debug|Any CPU
		{F6EA1CFE-D9C0-40CC-934E-EA056854FACE}.Release|Any CPU.ActiveCfg = Release|Any CPU
		{F6EA1CFE-D9C0-40CC-934E-EA056854FACE}.Release|Any CPU.Build.0 = Release|Any CPU
	EndGlobalSection
	GlobalSection(SolutionProperties) = preSolution
		HideSolutionNode = FALSE
	EndGlobalSection
	GlobalSection(ExtensibilityGlobals) = postSolution
		SolutionGuid = {DDA1B8A7-27F5-4CF7-BF4C-F3AF03248AE3}
	EndGlobalSection
EndGlobal
